
Microsoft Visual Studio Solution File, Format Version 12.00
# Visual Studio Version 17
VisualStudioVersion = 17.9.34414.90
MinimumVisualStudioVersion = 10.0.40219.1
Project("{2150E333-8FDC-42A3-9474-1A3956D46DE8}") = "Api", "Api", "{0C4A29E2-9C81-4FD5-AD30-3B11B71E06E9}"
EndProject
Project("{9A19103F-16F7-4668-BE54-9A1E7A4F7556}") = "Api.App", "Api.App\Api.App.csproj", "{D8B86EAA-F1DF-4833-A488-1C6C5C2CEAF7}"
EndProject
Project("{9A19103F-16F7-4668-BE54-9A1E7A4F7556}") = "Api.Domain", "Api.Domain\Api.Domain.csproj", "{FC47A274-04EB-488C-9861-B1369F603CAE}"
EndProject
Project("{9A19103F-16F7-4668-BE54-9A1E7A4F7556}") = "Api.Infrastructure", "Api.Infrastructure\Api.Infrastructure.csproj", "{C6D2979D-89C9-4E91-BA00-2AAB01D397B8}"
EndProject
Project("{E53339B2-1760-4266-BCC7-CA923CBCF16C}") = "docker-compose", "docker-compose.dcproj", "{A6AF0825-C4EE-496D-B4C2-79E9CA410B2A}"
EndProject
Project("{FAE04EC0-301F-11D3-BF4B-00C04F79EFBC}") = "Api.EFData", "Api.EFData\Api.EFData.csproj", "{81CE5A8F-B512-4435-9981-007854E845AB}"
EndProject
Global
	GlobalSection(SolutionConfigurationPlatforms) = preSolution
		Debug|Any CPU = Debug|Any CPU
		Release|Any CPU = Release|Any CPU
	EndGlobalSection
	GlobalSection(ProjectConfigurationPlatforms) = postSolution
		{D8B86EAA-F1DF-4833-A488-1C6C5C2CEAF7}.Debug|Any CPU.ActiveCfg = Debug|Any CPU
		{D8B86EAA-F1DF-4833-A488-1C6C5C2CEAF7}.Debug|Any CPU.Build.0 = Debug|Any CPU
		{D8B86EAA-F1DF-4833-A488-1C6C5C2CEAF7}.Release|Any CPU.ActiveCfg = Release|Any CPU
		{D8B86EAA-F1DF-4833-A488-1C6C5C2CEAF7}.Release|Any CPU.Build.0 = Release|Any CPU
		{FC47A274-04EB-488C-9861-B1369F603CAE}.Debug|Any CPU.ActiveCfg = Debug|Any CPU
		{FC47A274-04EB-488C-9861-B1369F603CAE}.Debug|Any CPU.Build.0 = Debug|Any CPU
		{FC47A274-04EB-488C-9861-B1369F603CAE}.Release|Any CPU.ActiveCfg = Release|Any CPU
		{FC47A274-04EB-488C-9861-B1369F603CAE}.Release|Any CPU.Build.0 = Release|Any CPU
		{C6D2979D-89C9-4E91-BA00-2AAB01D397B8}.Debug|Any CPU.ActiveCfg = Debug|Any CPU
		{C6D2979D-89C9-4E91-BA00-2AAB01D397B8}.Debug|Any CPU.Build.0 = Debug|Any CPU
		{C6D2979D-89C9-4E91-BA00-2AAB01D397B8}.Release|Any CPU.ActiveCfg = Release|Any CPU
		{C6D2979D-89C9-4E91-BA00-2AAB01D397B8}.Release|Any CPU.Build.0 = Release|Any CPU
		{A6AF0825-C4EE-496D-B4C2-79E9CA410B2A}.Debug|Any CPU.ActiveCfg = Debug|Any CPU
		{A6AF0825-C4EE-496D-B4C2-79E9CA410B2A}.Debug|Any CPU.Build.0 = Debug|Any CPU
		{A6AF0825-C4EE-496D-B4C2-79E9CA410B2A}.Release|Any CPU.ActiveCfg = Release|Any CPU
		{A6AF0825-C4EE-496D-B4C2-79E9CA410B2A}.Release|Any CPU.Build.0 = Release|Any CPU
		{81CE5A8F-B512-4435-9981-007854E845AB}.Debug|Any CPU.ActiveCfg = Debug|Any CPU
		{81CE5A8F-B512-4435-9981-007854E845AB}.Debug|Any CPU.Build.0 = Debug|Any CPU
		{81CE5A8F-B512-4435-9981-007854E845AB}.Release|Any CPU.ActiveCfg = Release|Any CPU
		{81CE5A8F-B512-4435-9981-007854E845AB}.Release|Any CPU.Build.0 = Release|Any CPU
	EndGlobalSection
	GlobalSection(SolutionProperties) = preSolution
		HideSolutionNode = FALSE
	EndGlobalSection
	GlobalSection(NestedProjects) = preSolution
		{D8B86EAA-F1DF-4833-A488-1C6C5C2CEAF7} = {0C4A29E2-9C81-4FD5-AD30-3B11B71E06E9}
		{FC47A274-04EB-488C-9861-B1369F603CAE} = {0C4A29E2-9C81-4FD5-AD30-3B11B71E06E9}
		{C6D2979D-89C9-4E91-BA00-2AAB01D397B8} = {0C4A29E2-9C81-4FD5-AD30-3B11B71E06E9}
		{81CE5A8F-B512-4435-9981-007854E845AB} = {0C4A29E2-9C81-4FD5-AD30-3B11B71E06E9}
	EndGlobalSection
	GlobalSection(ExtensibilityGlobals) = postSolution
		SolutionGuid = {214DAFC5-A0BE-491B-82FC-8E5AA87CD8F3}
	EndGlobalSection
EndGlobal
